
Microsoft Visual Studio Solution File, Format Version 12.00
# Visual Studio 14
VisualStudioVersion = 14.0.24720.0
MinimumVisualStudioVersion = 10.0.40219.1
Project("{FAE04EC0-301F-11D3-BF4B-00C04F79EFBC}") = "IfSwitchComparison", "IfSwitchComparison\IfSwitchComparison.csproj", "{EA279E04-4A29-4A80-8B9D-C22A0D1B61E5}"
EndProject
Project("{FAE04EC0-301F-11D3-BF4B-00C04F79EFBC}") = "BenchmarkTests", "BenchmarkTests\BenchmarkTests.csproj", "{DCCBCED3-8ECE-4ADB-8297-7317B6DE6494}"
EndProject
Global
	GlobalSection(SolutionConfigurationPlatforms) = preSolution
		Debug|Any CPU = Debug|Any CPU
		Release|Any CPU = Release|Any CPU
	EndGlobalSection
	GlobalSection(ProjectConfigurationPlatforms) = postSolution
		{EA279E04-4A29-4A80-8B9D-C22A0D1B61E5}.Debug|Any CPU.ActiveCfg = Debug|Any CPU
		{EA279E04-4A29-4A80-8B9D-C22A0D1B61E5}.Debug|Any CPU.Build.0 = Debug|Any CPU
		{EA279E04-4A29-4A80-8B9D-C22A0D1B61E5}.Release|Any CPU.ActiveCfg = Release|Any CPU
		{EA279E04-4A29-4A80-8B9D-C22A0D1B61E5}.Release|Any CPU.Build.0 = Release|Any CPU
		{DCCBCED3-8ECE-4ADB-8297-7317B6DE6494}.Debug|Any CPU.ActiveCfg = Debug|Any CPU
		{DCCBCED3-8ECE-4ADB-8297-7317B6DE6494}.Debug|Any CPU.Build.0 = Debug|Any CPU
		{DCCBCED3-8ECE-4ADB-8297-7317B6DE6494}.Release|Any CPU.ActiveCfg = Release|Any CPU
		{DCCBCED3-8ECE-4ADB-8297-7317B6DE6494}.Release|Any CPU.Build.0 = Release|Any CPU
	EndGlobalSection
	GlobalSection(SolutionProperties) = preSolution
		HideSolutionNode = FALSE
	EndGlobalSection
EndGlobal
